
Microsoft Visual Studio Solution File, Format Version 12.00
# Visual Studio Version 17
VisualStudioVersion = 17.0.31912.275
MinimumVisualStudioVersion = 10.0.40219.1
Project("{9A19103F-16F7-4668-BE54-9A1E7A4F7556}") = "Puzzle01", "Puzzle01\Puzzle01.csproj", "{041A1DD0-CF63-43F5-A659-B8C217F3F4E0}"
EndProject
Project("{9A19103F-16F7-4668-BE54-9A1E7A4F7556}") = "Puzzle02", "Puzzle02\Puzzle02.csproj", "{A2B82031-4BD1-468C-BA70-78AF07563791}"
EndProject
Project("{9A19103F-16F7-4668-BE54-9A1E7A4F7556}") = "Puzzle03", "Puzzle03\Puzzle03.csproj", "{47E23CC0-B392-4252-89F9-C8728A242E0A}"
EndProject
Project("{9A19103F-16F7-4668-BE54-9A1E7A4F7556}") = "Puzzle04", "Puzzle04\Puzzle04.csproj", "{7E15BCB2-25BF-460D-903F-A4AB693B0E8D}"
EndProject
Project("{9A19103F-16F7-4668-BE54-9A1E7A4F7556}") = "Puzzle05", "Puzzle05\Puzzle05.csproj", "{B9F8002E-A764-4D98-8631-1EDE6C888DB0}"
EndProject
Project("{9A19103F-16F7-4668-BE54-9A1E7A4F7556}") = "Puzzle06", "Puzzle06\Puzzle06.csproj", "{D83DA172-E31B-46A0-B149-85978A816C99}"
EndProject
Project("{9A19103F-16F7-4668-BE54-9A1E7A4F7556}") = "Puzzle07", "Puzzle07\Puzzle07.csproj", "{147CE297-EB14-48DF-84EE-CFD4A9ADF705}"
EndProject
Project("{2150E333-8FDC-42A3-9474-1A3956D46DE8}") = "Solution Items", "Solution Items", "{4400F2E8-BA62-47DA-8C9E-52D9D4CC9A5D}"
	ProjectSection(SolutionItems) = preProject
		template.txt = template.txt
	EndProjectSection
EndProject
Project("{9A19103F-16F7-4668-BE54-9A1E7A4F7556}") = "Puzzle08", "Puzzle08\Puzzle08.csproj", "{B4868836-C240-4467-9288-372C469816B0}"
EndProject
Project("{9A19103F-16F7-4668-BE54-9A1E7A4F7556}") = "Puzzle09", "Puzzle09\Puzzle09.csproj", "{4A1D55C0-F7C0-4FC1-AF65-1618296327B0}"
EndProject
Project("{9A19103F-16F7-4668-BE54-9A1E7A4F7556}") = "Puzzle10", "Puzzle10\Puzzle10.csproj", "{250D0C48-BB1C-4E5F-BEB7-4B59609AD035}"
EndProject
Project("{9A19103F-16F7-4668-BE54-9A1E7A4F7556}") = "Puzzle11", "Puzzle11\Puzzle11.csproj", "{90644491-6CEE-47A1-9964-DC90CF9A998C}"
EndProject
Project("{9A19103F-16F7-4668-BE54-9A1E7A4F7556}") = "Puzzle12", "Puzzle12\Puzzle12.csproj", "{4D850F95-AAB5-41C3-AEC1-A0307575ADA5}"
EndProject
Project("{FAE04EC0-301F-11D3-BF4B-00C04F79EFBC}") = "Puzzle13", "Puzzle13\Puzzle13.csproj", "{804A0185-4AAD-4371-9B44-76BE5D0ADC0D}"
EndProject
Global
	GlobalSection(SolutionConfigurationPlatforms) = preSolution
		Debug|Any CPU = Debug|Any CPU
		Release|Any CPU = Release|Any CPU
	EndGlobalSection
	GlobalSection(ProjectConfigurationPlatforms) = postSolution
		{041A1DD0-CF63-43F5-A659-B8C217F3F4E0}.Debug|Any CPU.ActiveCfg = Debug|Any CPU
		{041A1DD0-CF63-43F5-A659-B8C217F3F4E0}.Debug|Any CPU.Build.0 = Debug|Any CPU
		{041A1DD0-CF63-43F5-A659-B8C217F3F4E0}.Release|Any CPU.ActiveCfg = Release|Any CPU
		{041A1DD0-CF63-43F5-A659-B8C217F3F4E0}.Release|Any CPU.Build.0 = Release|Any CPU
		{A2B82031-4BD1-468C-BA70-78AF07563791}.Debug|Any CPU.ActiveCfg = Debug|Any CPU
		{A2B82031-4BD1-468C-BA70-78AF07563791}.Debug|Any CPU.Build.0 = Debug|Any CPU
		{A2B82031-4BD1-468C-BA70-78AF07563791}.Release|Any CPU.ActiveCfg = Release|Any CPU
		{A2B82031-4BD1-468C-BA70-78AF07563791}.Release|Any CPU.Build.0 = Release|Any CPU
		{47E23CC0-B392-4252-89F9-C8728A242E0A}.Debug|Any CPU.ActiveCfg = Debug|Any CPU
		{47E23CC0-B392-4252-89F9-C8728A242E0A}.Debug|Any CPU.Build.0 = Debug|Any CPU
		{47E23CC0-B392-4252-89F9-C8728A242E0A}.Release|Any CPU.ActiveCfg = Release|Any CPU
		{47E23CC0-B392-4252-89F9-C8728A242E0A}.Release|Any CPU.Build.0 = Release|Any CPU
		{7E15BCB2-25BF-460D-903F-A4AB693B0E8D}.Debug|Any CPU.ActiveCfg = Debug|Any CPU
		{7E15BCB2-25BF-460D-903F-A4AB693B0E8D}.Debug|Any CPU.Build.0 = Debug|Any CPU
		{7E15BCB2-25BF-460D-903F-A4AB693B0E8D}.Release|Any CPU.ActiveCfg = Release|Any CPU
		{7E15BCB2-25BF-460D-903F-A4AB693B0E8D}.Release|Any CPU.Build.0 = Release|Any CPU
		{B9F8002E-A764-4D98-8631-1EDE6C888DB0}.Debug|Any CPU.ActiveCfg = Debug|Any CPU
		{B9F8002E-A764-4D98-8631-1EDE6C888DB0}.Debug|Any CPU.Build.0 = Debug|Any CPU
		{B9F8002E-A764-4D98-8631-1EDE6C888DB0}.Release|Any CPU.ActiveCfg = Release|Any CPU
		{B9F8002E-A764-4D98-8631-1EDE6C888DB0}.Release|Any CPU.Build.0 = Release|Any CPU
		{D83DA172-E31B-46A0-B149-85978A816C99}.Debug|Any CPU.ActiveCfg = Debug|Any CPU
		{D83DA172-E31B-46A0-B149-85978A816C99}.Debug|Any CPU.Build.0 = Debug|Any CPU
		{D83DA172-E31B-46A0-B149-85978A816C99}.Release|Any CPU.ActiveCfg = Release|Any CPU
		{D83DA172-E31B-46A0-B149-85978A816C99}.Release|Any CPU.Build.0 = Release|Any CPU
		{147CE297-EB14-48DF-84EE-CFD4A9ADF705}.Debug|Any CPU.ActiveCfg = Debug|Any CPU
		{147CE297-EB14-48DF-84EE-CFD4A9ADF705}.Debug|Any CPU.Build.0 = Debug|Any CPU
		{147CE297-EB14-48DF-84EE-CFD4A9ADF705}.Release|Any CPU.ActiveCfg = Release|Any CPU
		{147CE297-EB14-48DF-84EE-CFD4A9ADF705}.Release|Any CPU.Build.0 = Release|Any CPU
		{B4868836-C240-4467-9288-372C469816B0}.Debug|Any CPU.ActiveCfg = Debug|Any CPU
		{B4868836-C240-4467-9288-372C469816B0}.Debug|Any CPU.Build.0 = Debug|Any CPU
		{B4868836-C240-4467-9288-372C469816B0}.Release|Any CPU.ActiveCfg = Release|Any CPU
		{B4868836-C240-4467-9288-372C469816B0}.Release|Any CPU.Build.0 = Release|Any CPU
		{4A1D55C0-F7C0-4FC1-AF65-1618296327B0}.Debug|Any CPU.ActiveCfg = Debug|Any CPU
		{4A1D55C0-F7C0-4FC1-AF65-1618296327B0}.Debug|Any CPU.Build.0 = Debug|Any CPU
		{4A1D55C0-F7C0-4FC1-AF65-1618296327B0}.Release|Any CPU.ActiveCfg = Release|Any CPU
		{4A1D55C0-F7C0-4FC1-AF65-1618296327B0}.Release|Any CPU.Build.0 = Release|Any CPU
		{250D0C48-BB1C-4E5F-BEB7-4B59609AD035}.Debug|Any CPU.ActiveCfg = Debug|Any CPU
		{250D0C48-BB1C-4E5F-BEB7-4B59609AD035}.Debug|Any CPU.Build.0 = Debug|Any CPU
		{250D0C48-BB1C-4E5F-BEB7-4B59609AD035}.Release|Any CPU.ActiveCfg = Release|Any CPU
		{250D0C48-BB1C-4E5F-BEB7-4B59609AD035}.Release|Any CPU.Build.0 = Release|Any CPU
		{90644491-6CEE-47A1-9964-DC90CF9A998C}.Debug|Any CPU.ActiveCfg = Debug|Any CPU
		{90644491-6CEE-47A1-9964-DC90CF9A998C}.Debug|Any CPU.Build.0 = Debug|Any CPU
		{90644491-6CEE-47A1-9964-DC90CF9A998C}.Release|Any CPU.ActiveCfg = Release|Any CPU
		{90644491-6CEE-47A1-9964-DC90CF9A998C}.Release|Any CPU.Build.0 = Release|Any CPU
		{4D850F95-AAB5-41C3-AEC1-A0307575ADA5}.Debug|Any CPU.ActiveCfg = Debug|Any CPU
		{4D850F95-AAB5-41C3-AEC1-A0307575ADA5}.Debug|Any CPU.Build.0 = Debug|Any CPU
		{4D850F95-AAB5-41C3-AEC1-A0307575ADA5}.Release|Any CPU.ActiveCfg = Release|Any CPU
		{4D850F95-AAB5-41C3-AEC1-A0307575ADA5}.Release|Any CPU.Build.0 = Release|Any CPU
		{804A0185-4AAD-4371-9B44-76BE5D0ADC0D}.Debug|Any CPU.ActiveCfg = Debug|Any CPU
		{804A0185-4AAD-4371-9B44-76BE5D0ADC0D}.Debug|Any CPU.Build.0 = Debug|Any CPU
		{804A0185-4AAD-4371-9B44-76BE5D0ADC0D}.Release|Any CPU.ActiveCfg = Release|Any CPU
		{804A0185-4AAD-4371-9B44-76BE5D0ADC0D}.Release|Any CPU.Build.0 = Release|Any CPU
	EndGlobalSection
	GlobalSection(SolutionProperties) = preSolution
		HideSolutionNode = FALSE
	EndGlobalSection
	GlobalSection(ExtensibilityGlobals) = postSolution
		SolutionGuid = {34C812CB-1680-45C1-BC38-8B90F3E62F72}
	EndGlobalSection
EndGlobal
